
Microsoft Visual Studio Solution File, Format Version 12.00
# Visual Studio Version 17
VisualStudioVersion = 17.0.32112.339
MinimumVisualStudioVersion = 10.0.40219.1
Project("{2150E333-8FDC-42A3-9474-1A3956D46DE8}") = "Solution Items", "Solution Items", "{7D476B44-580D-4B3A-8322-C0BA0021B09E}"
	ProjectSection(SolutionItems) = preProject
		.editorconfig = .editorconfig
	EndProjectSection
EndProject
Project("{9A19103F-16F7-4668-BE54-9A1E7A4F7556}") = "LibGGPK2", "LibGGPK2\LibGGPK2.csproj", "{E3B46841-1507-4854-B85A-9ECD828A1CC1}"
EndProject
Project("{9A19103F-16F7-4668-BE54-9A1E7A4F7556}") = "LibBundle", "LibBundle\LibBundle.csproj", "{2C4CC8AF-5E19-4515-9136-94AE0F283FCB}"
EndProject
Project("{9A19103F-16F7-4668-BE54-9A1E7A4F7556}") = "LibDat2", "LibDat2\LibDat2.csproj", "{762DF6EB-6F9A-4377-8F86-9B04EEA2B52E}"
EndProject
Project("{9A19103F-16F7-4668-BE54-9A1E7A4F7556}") = "VisualGGPK2", "VisualGGPK2\VisualGGPK2.csproj", "{DE728F58-B85B-4598-A664-245C9B252455}"
EndProject
Global
	GlobalSection(SolutionConfigurationPlatforms) = preSolution
		Debug|Any CPU = Debug|Any CPU
		Release|Any CPU = Release|Any CPU
	EndGlobalSection
	GlobalSection(ProjectConfigurationPlatforms) = postSolution
		{E3B46841-1507-4854-B85A-9ECD828A1CC1}.Debug|Any CPU.ActiveCfg = Debug|Any CPU
		{E3B46841-1507-4854-B85A-9ECD828A1CC1}.Debug|Any CPU.Build.0 = Debug|Any CPU
		{E3B46841-1507-4854-B85A-9ECD828A1CC1}.Release|Any CPU.ActiveCfg = Release|Any CPU
		{E3B46841-1507-4854-B85A-9ECD828A1CC1}.Release|Any CPU.Build.0 = Release|Any CPU
		{2C4CC8AF-5E19-4515-9136-94AE0F283FCB}.Debug|Any CPU.ActiveCfg = Debug|x64
		{2C4CC8AF-5E19-4515-9136-94AE0F283FCB}.Debug|Any CPU.Build.0 = Debug|x64
		{2C4CC8AF-5E19-4515-9136-94AE0F283FCB}.Release|Any CPU.ActiveCfg = Release|x64
		{2C4CC8AF-5E19-4515-9136-94AE0F283FCB}.Release|Any CPU.Build.0 = Release|x64
		{762DF6EB-6F9A-4377-8F86-9B04EEA2B52E}.Debug|Any CPU.ActiveCfg = Debug|Any CPU
		{762DF6EB-6F9A-4377-8F86-9B04EEA2B52E}.Debug|Any CPU.Build.0 = Debug|Any CPU
		{762DF6EB-6F9A-4377-8F86-9B04EEA2B52E}.Release|Any CPU.ActiveCfg = Release|Any CPU
		{762DF6EB-6F9A-4377-8F86-9B04EEA2B52E}.Release|Any CPU.Build.0 = Release|Any CPU
		{DE728F58-B85B-4598-A664-245C9B252455}.Debug|Any CPU.ActiveCfg = Debug|Any CPU
		{DE728F58-B85B-4598-A664-245C9B252455}.Debug|Any CPU.Build.0 = Debug|Any CPU
		{DE728F58-B85B-4598-A664-245C9B252455}.Release|Any CPU.ActiveCfg = Release|Any CPU
		{DE728F58-B85B-4598-A664-245C9B252455}.Release|Any CPU.Build.0 = Release|Any CPU
	EndGlobalSection
	GlobalSection(SolutionProperties) = preSolution
		HideSolutionNode = FALSE
	EndGlobalSection
	GlobalSection(ExtensibilityGlobals) = postSolution
		SolutionGuid = {9E80D96F-454B-4D0C-8457-FB9480A251F2}
	EndGlobalSection
EndGlobal
